
Microsoft Visual Studio Solution File, Format Version 12.00
# Visual Studio 2012
Project("{262852C6-CD72-467D-83FE-5EEB1973A190}") = "Dodgeball", "Dodgeball.jsproj", "{90CA627B-BF43-4045-A7C5-05B8274353BA}"
EndProject
Global
	GlobalSection(SolutionConfigurationPlatforms) = preSolution
		Debug|Any CPU = Debug|Any CPU
		Debug|ARM = Debug|ARM
		Debug|x64 = Debug|x64
		Debug|x86 = Debug|x86
		Release|Any CPU = Release|Any CPU
		Release|ARM = Release|ARM
		Release|x64 = Release|x64
		Release|x86 = Release|x86
	EndGlobalSection
	GlobalSection(ProjectConfigurationPlatforms) = postSolution
		{90CA627B-BF43-4045-A7C5-05B8274353BA}.Debug|Any CPU.ActiveCfg = Debug|Any CPU
		{90CA627B-BF43-4045-A7C5-05B8274353BA}.Debug|Any CPU.Build.0 = Debug|Any CPU
		{90CA627B-BF43-4045-A7C5-05B8274353BA}.Debug|Any CPU.Deploy.0 = Debug|Any CPU
		{90CA627B-BF43-4045-A7C5-05B8274353BA}.Debug|ARM.ActiveCfg = Debug|ARM
		{90CA627B-BF43-4045-A7C5-05B8274353BA}.Debug|ARM.Build.0 = Debug|ARM
		{90CA627B-BF43-4045-A7C5-05B8274353BA}.Debug|ARM.Deploy.0 = Debug|ARM
		{90CA627B-BF43-4045-A7C5-05B8274353BA}.Debug|x64.ActiveCfg = Debug|x64
		{90CA627B-BF43-4045-A7C5-05B8274353BA}.Debug|x64.Build.0 = Debug|x64
		{90CA627B-BF43-4045-A7C5-05B8274353BA}.Debug|x64.Deploy.0 = Debug|x64
		{90CA627B-BF43-4045-A7C5-05B8274353BA}.Debug|x86.ActiveCfg = Debug|x86
		{90CA627B-BF43-4045-A7C5-05B8274353BA}.Debug|x86.Build.0 = Debug|x86
		{90CA627B-BF43-4045-A7C5-05B8274353BA}.Debug|x86.Deploy.0 = Debug|x86
		{90CA627B-BF43-4045-A7C5-05B8274353BA}.Release|Any CPU.ActiveCfg = Release|Any CPU
		{90CA627B-BF43-4045-A7C5-05B8274353BA}.Release|Any CPU.Build.0 = Release|Any CPU
		{90CA627B-BF43-4045-A7C5-05B8274353BA}.Release|Any CPU.Deploy.0 = Release|Any CPU
		{90CA627B-BF43-4045-A7C5-05B8274353BA}.Release|ARM.ActiveCfg = Release|ARM
		{90CA627B-BF43-4045-A7C5-05B8274353BA}.Release|ARM.Build.0 = Release|ARM
		{90CA627B-BF43-4045-A7C5-05B8274353BA}.Release|ARM.Deploy.0 = Release|ARM
		{90CA627B-BF43-4045-A7C5-05B8274353BA}.Release|x64.ActiveCfg = Release|x64
		{90CA627B-BF43-4045-A7C5-05B8274353BA}.Release|x64.Build.0 = Release|x64
		{90CA627B-BF43-4045-A7C5-05B8274353BA}.Release|x64.Deploy.0 = Release|x64
		{90CA627B-BF43-4045-A7C5-05B8274353BA}.Release|x86.ActiveCfg = Release|x86
		{90CA627B-BF43-4045-A7C5-05B8274353BA}.Release|x86.Build.0 = Release|x86
		{90CA627B-BF43-4045-A7C5-05B8274353BA}.Release|x86.Deploy.0 = Release|x86
	EndGlobalSection
	GlobalSection(SolutionProperties) = preSolution
		HideSolutionNode = FALSE
	EndGlobalSection
EndGlobal
